
Microsoft Visual Studio Solution File, Format Version 12.00
# Visual Studio 15
VisualStudioVersion = 15.0.27130.2036
MinimumVisualStudioVersion = 10.0.40219.1
Project("{FAE04EC0-301F-11D3-BF4B-00C04F79EFBC}") = "HandleFileAsync", "HandleFileAsync\HandleFileAsync.csproj", "{58CB70EA-4415-4432-A77A-30237F7F96C9}"
EndProject
Project("{FAE04EC0-301F-11D3-BF4B-00C04F79EFBC}") = "AsyncComputation", "AsyncComputation\AsyncComputation.csproj", "{3C1191B4-A49B-4096-893E-1C1471D1771B}"
EndProject
Global
	GlobalSection(SolutionConfigurationPlatforms) = preSolution
		Debug|Any CPU = Debug|Any CPU
		Release|Any CPU = Release|Any CPU
	EndGlobalSection
	GlobalSection(ProjectConfigurationPlatforms) = postSolution
		{58CB70EA-4415-4432-A77A-30237F7F96C9}.Debug|Any CPU.ActiveCfg = Debug|Any CPU
		{58CB70EA-4415-4432-A77A-30237F7F96C9}.Debug|Any CPU.Build.0 = Debug|Any CPU
		{58CB70EA-4415-4432-A77A-30237F7F96C9}.Release|Any CPU.ActiveCfg = Release|Any CPU
		{58CB70EA-4415-4432-A77A-30237F7F96C9}.Release|Any CPU.Build.0 = Release|Any CPU
		{3C1191B4-A49B-4096-893E-1C1471D1771B}.Debug|Any CPU.ActiveCfg = Debug|Any CPU
		{3C1191B4-A49B-4096-893E-1C1471D1771B}.Debug|Any CPU.Build.0 = Debug|Any CPU
		{3C1191B4-A49B-4096-893E-1C1471D1771B}.Release|Any CPU.ActiveCfg = Release|Any CPU
		{3C1191B4-A49B-4096-893E-1C1471D1771B}.Release|Any CPU.Build.0 = Release|Any CPU
	EndGlobalSection
	GlobalSection(SolutionProperties) = preSolution
		HideSolutionNode = FALSE
	EndGlobalSection
	GlobalSection(ExtensibilityGlobals) = postSolution
		SolutionGuid = {62968B90-B018-47D9-AD3F-ADE1BF463CBF}
	EndGlobalSection
EndGlobal
